
Microsoft Visual Studio Solution File, Format Version 12.00
# Visual Studio Version 16
VisualStudioVersion = 16.0.30717.126
MinimumVisualStudioVersion = 10.0.40219.1
Project("{FAE04EC0-301F-11D3-BF4B-00C04F79EFBC}") = "OOP_Lab2-1", "OOP_Lab2-1\OOP_Lab2-1.csproj", "{2D5AA96C-E7D1-422C-8A5F-3101B96B60ED}"
EndProject
Global
	GlobalSection(SolutionConfigurationPlatforms) = preSolution
		Debug|Any CPU = Debug|Any CPU
		Release|Any CPU = Release|Any CPU
	EndGlobalSection
	GlobalSection(ProjectConfigurationPlatforms) = postSolution
		{2D5AA96C-E7D1-422C-8A5F-3101B96B60ED}.Debug|Any CPU.ActiveCfg = Debug|Any CPU
		{2D5AA96C-E7D1-422C-8A5F-3101B96B60ED}.Debug|Any CPU.Build.0 = Debug|Any CPU
		{2D5AA96C-E7D1-422C-8A5F-3101B96B60ED}.Release|Any CPU.ActiveCfg = Release|Any CPU
		{2D5AA96C-E7D1-422C-8A5F-3101B96B60ED}.Release|Any CPU.Build.0 = Release|Any CPU
	EndGlobalSection
	GlobalSection(SolutionProperties) = preSolution
		HideSolutionNode = FALSE
	EndGlobalSection
	GlobalSection(ExtensibilityGlobals) = postSolution
		SolutionGuid = {65314BA0-2D8E-4923-A9B9-8359B805EA20}
	EndGlobalSection
EndGlobal
